
Microsoft Visual Studio Solution File, Format Version 12.00
# Visual Studio Version 16
VisualStudioVersion = 16.0.31613.86
MinimumVisualStudioVersion = 10.0.40219.1
Project("{2150E333-8FDC-42A3-9474-1A3956D46DE8}") = "src", "src", "{006F7891-2569-4969-946F-13CF08833748}"
EndProject
Project("{2150E333-8FDC-42A3-9474-1A3956D46DE8}") = "Building Blocks", "Building Blocks", "{096DB54E-7F2B-4781-A241-C39C3AE9FDDC}"
EndProject
Project("{2150E333-8FDC-42A3-9474-1A3956D46DE8}") = "Services", "Services", "{7750DE0A-2146-48E6-BBC3-CAEDAF128E85}"
EndProject
Project("{2150E333-8FDC-42A3-9474-1A3956D46DE8}") = "Web", "Web", "{F4B1EA2E-17A0-487B-B449-FF54E717B1AF}"
EndProject
Project("{2150E333-8FDC-42A3-9474-1A3956D46DE8}") = "Identidade", "Identidade", "{8FE864FC-BE7D-4045-80DE-20340EB5351C}"
EndProject
Project("{2150E333-8FDC-42A3-9474-1A3956D46DE8}") = "Cliente", "Cliente", "{643140CE-F1B4-4AF7-8382-E5921370A2EE}"
EndProject
Project("{9A19103F-16F7-4668-BE54-9A1E7A4F7556}") = "JS.Clientes.API", "src\services\API\JS.Clientes.API\JS.Clientes.API.csproj", "{60A7B682-9F4F-44A3-AFD3-9B175FE3D956}"
EndProject
Project("{9A19103F-16F7-4668-BE54-9A1E7A4F7556}") = "JS.Clientes.Domain", "src\services\Domain\JS.Clientes.Domain\JS.Clientes.Domain.csproj", "{986BDDE5-BBFC-46E3-BE5E-60826F0938AA}"
EndProject
Project("{9A19103F-16F7-4668-BE54-9A1E7A4F7556}") = "JS.Identidade.API", "src\services\API\JS.Identidade.API\JS.Identidade.API.csproj", "{98EF046A-D508-47EF-95FA-FF4066EBF52E}"
EndProject
Project("{9A19103F-16F7-4668-BE54-9A1E7A4F7556}") = "JS.Identidade.Domain", "src\services\Domain\JS.Identidade.Domain\JS.Identidade.Domain.csproj", "{5D52A843-E3D4-435B-8A86-F0F3BD01A35F}"
EndProject
Project("{2150E333-8FDC-42A3-9474-1A3956D46DE8}") = "Services", "Services", "{C4CC469E-D14C-41A9-A354-B65CB46B3E9F}"
EndProject
Project("{2150E333-8FDC-42A3-9474-1A3956D46DE8}") = "Core", "Core", "{AB4FCF63-A128-43BE-8E4F-FBD6750C3496}"
EndProject
Project("{2150E333-8FDC-42A3-9474-1A3956D46DE8}") = "Produtos", "Produtos", "{D7962448-4B51-4FFA-8401-DB247A9A611B}"
EndProject
Project("{9A19103F-16F7-4668-BE54-9A1E7A4F7556}") = "JS.WebAPI.Core", "src\building blocks\JS.WebAPI.Core\JS.WebAPI.Core.csproj", "{A13D4D3F-ACC8-47DE-9A99-75164FCA3F9E}"
EndProject
Project("{9A19103F-16F7-4668-BE54-9A1E7A4F7556}") = "JS.Core", "src\building blocks\JS.Core\JS.Core.csproj", "{A9178EF8-D235-4AB7-AB88-BC7DC08ADE9C}"
EndProject
Project("{9A19103F-16F7-4668-BE54-9A1E7A4F7556}") = "JS.Clientes.Infra", "src\services\Infra\JS.Clientes.Infra\JS.Clientes.Infra.csproj", "{D6696CFF-4CA2-4E5D-B522-49C583358609}"
EndProject
Project("{9A19103F-16F7-4668-BE54-9A1E7A4F7556}") = "JS.Produtos.Domain", "src\services\Domain\JS.Produtos.Domain\JS.Produtos.Domain.csproj", "{66702B98-C54E-43E5-A2A4-582B19D281E9}"
EndProject
Project("{9A19103F-16F7-4668-BE54-9A1E7A4F7556}") = "JS.Produtos.Infra", "src\services\Infra\JS.Produtos.Infra\JS.Produtos.Infra.csproj", "{B5555976-EFD4-412F-B054-079C66630A92}"
EndProject
Project("{9A19103F-16F7-4668-BE54-9A1E7A4F7556}") = "JS.Identidade.Infra", "src\services\Infra\JS.Identidade.Infra\JS.Identidade.Infra.csproj", "{95D6D188-288C-463C-AE78-1529117B7694}"
EndProject
Project("{9A19103F-16F7-4668-BE54-9A1E7A4F7556}") = "JS.Produtos.API", "src\services\API\JS.Produtos.API\JS.Produtos.API.csproj", "{656D4078-5FF7-4874-8151-8E161D3433B5}"
EndProject
Project("{2150E333-8FDC-42A3-9474-1A3956D46DE8}") = "Contas", "Contas", "{1611C121-5E35-4828-B557-E42C6A78B29B}"
EndProject
Project("{9A19103F-16F7-4668-BE54-9A1E7A4F7556}") = "JS.Contas.Domain", "src\services\Domain\JS.Contas.Domain\JS.Contas.Domain.csproj", "{660462FB-7270-4FF3-AC4C-7D3291B0D9E5}"
EndProject
Project("{9A19103F-16F7-4668-BE54-9A1E7A4F7556}") = "JS.Contas.Infra", "src\services\Infra\JS.Contas.Infra\JS.Contas.Infra.csproj", "{12D21917-EBF6-4048-B821-52E0A50DBC2A}"
EndProject
Project("{9A19103F-16F7-4668-BE54-9A1E7A4F7556}") = "JS.Contas.API", "src\services\API\JS.Contas.API\JS.Contas.API.csproj", "{9303B20F-0737-4A6E-916A-B74AD7843122}"
EndProject
Project("{2150E333-8FDC-42A3-9474-1A3956D46DE8}") = "MovimentacaoFinanceira", "MovimentacaoFinanceira", "{B7ACD7CF-17C9-4556-8850-5E0D6328769E}"
EndProject
Project("{9A19103F-16F7-4668-BE54-9A1E7A4F7556}") = "JS.MovimentacaoConta.Domain", "src\services\Domain\JS.MovimentacaoConta.Domain\JS.MovimentacaoConta.Domain.csproj", "{35DD91CB-EF9C-4F29-B212-5F4D3D074F75}"
EndProject
Project("{9A19103F-16F7-4668-BE54-9A1E7A4F7556}") = "JS.MovimentacaoConta.Infra", "src\services\Infra\JS.MovimentacaoConta.Infra\JS.MovimentacaoConta.Infra.csproj", "{E54E0480-A154-4D99-862E-9F7087674B83}"
EndProject
Project("{2150E333-8FDC-42A3-9474-1A3956D46DE8}") = "MessageBus", "MessageBus", "{37B78D4D-FAFD-4AF9-88E4-D6E4D58D90D3}"
EndProject
Project("{9A19103F-16F7-4668-BE54-9A1E7A4F7556}") = "JS.MessageBus", "src\building blocks\JS.MessageBus\JS.MessageBus.csproj", "{EE66C13D-1172-4288-B112-DE2DE6CE1C3C}"
EndProject
Project("{9A19103F-16F7-4668-BE54-9A1E7A4F7556}") = "JS.MovimentacaoConta.API", "src\services\API\JS.MovimentacaoConta.API\JS.MovimentacaoConta.API.csproj", "{2B346E96-EE2C-4C68-A5D8-A7E65F938DE4}"
EndProject
Project("{2150E333-8FDC-42A3-9474-1A3956D46DE8}") = "EventSourcing", "EventSourcing", "{CB7580CF-7810-4A15-852E-1FA69211F88F}"
EndProject
Project("{9A19103F-16F7-4668-BE54-9A1E7A4F7556}") = "JS.EventSourcing", "src\building blocks\JS.EventSourcing\JS.EventSourcing.csproj", "{148737BB-5671-48B9-AFD5-116477462D4D}"
EndProject
Global
	GlobalSection(SolutionConfigurationPlatforms) = preSolution
		Debug|Any CPU = Debug|Any CPU
		Release|Any CPU = Release|Any CPU
	EndGlobalSection
	GlobalSection(ProjectConfigurationPlatforms) = postSolution
		{60A7B682-9F4F-44A3-AFD3-9B175FE3D956}.Debug|Any CPU.ActiveCfg = Debug|Any CPU
		{60A7B682-9F4F-44A3-AFD3-9B175FE3D956}.Debug|Any CPU.Build.0 = Debug|Any CPU
		{60A7B682-9F4F-44A3-AFD3-9B175FE3D956}.Release|Any CPU.ActiveCfg = Release|Any CPU
		{60A7B682-9F4F-44A3-AFD3-9B175FE3D956}.Release|Any CPU.Build.0 = Release|Any CPU
		{986BDDE5-BBFC-46E3-BE5E-60826F0938AA}.Debug|Any CPU.ActiveCfg = Debug|Any CPU
		{986BDDE5-BBFC-46E3-BE5E-60826F0938AA}.Debug|Any CPU.Build.0 = Debug|Any CPU
		{986BDDE5-BBFC-46E3-BE5E-60826F0938AA}.Release|Any CPU.ActiveCfg = Release|Any CPU
		{986BDDE5-BBFC-46E3-BE5E-60826F0938AA}.Release|Any CPU.Build.0 = Release|Any CPU
		{98EF046A-D508-47EF-95FA-FF4066EBF52E}.Debug|Any CPU.ActiveCfg = Debug|Any CPU
		{98EF046A-D508-47EF-95FA-FF4066EBF52E}.Debug|Any CPU.Build.0 = Debug|Any CPU
		{98EF046A-D508-47EF-95FA-FF4066EBF52E}.Release|Any CPU.ActiveCfg = Release|Any CPU
		{98EF046A-D508-47EF-95FA-FF4066EBF52E}.Release|Any CPU.Build.0 = Release|Any CPU
		{5D52A843-E3D4-435B-8A86-F0F3BD01A35F}.Debug|Any CPU.ActiveCfg = Debug|Any CPU
		{5D52A843-E3D4-435B-8A86-F0F3BD01A35F}.Debug|Any CPU.Build.0 = Debug|Any CPU
		{5D52A843-E3D4-435B-8A86-F0F3BD01A35F}.Release|Any CPU.ActiveCfg = Release|Any CPU
		{5D52A843-E3D4-435B-8A86-F0F3BD01A35F}.Release|Any CPU.Build.0 = Release|Any CPU
		{A13D4D3F-ACC8-47DE-9A99-75164FCA3F9E}.Debug|Any CPU.ActiveCfg = Debug|Any CPU
		{A13D4D3F-ACC8-47DE-9A99-75164FCA3F9E}.Debug|Any CPU.Build.0 = Debug|Any CPU
		{A13D4D3F-ACC8-47DE-9A99-75164FCA3F9E}.Release|Any CPU.ActiveCfg = Release|Any CPU
		{A13D4D3F-ACC8-47DE-9A99-75164FCA3F9E}.Release|Any CPU.Build.0 = Release|Any CPU
		{A9178EF8-D235-4AB7-AB88-BC7DC08ADE9C}.Debug|Any CPU.ActiveCfg = Debug|Any CPU
		{A9178EF8-D235-4AB7-AB88-BC7DC08ADE9C}.Debug|Any CPU.Build.0 = Debug|Any CPU
		{A9178EF8-D235-4AB7-AB88-BC7DC08ADE9C}.Release|Any CPU.ActiveCfg = Release|Any CPU
		{A9178EF8-D235-4AB7-AB88-BC7DC08ADE9C}.Release|Any CPU.Build.0 = Release|Any CPU
		{D6696CFF-4CA2-4E5D-B522-49C583358609}.Debug|Any CPU.ActiveCfg = Debug|Any CPU
		{D6696CFF-4CA2-4E5D-B522-49C583358609}.Debug|Any CPU.Build.0 = Debug|Any CPU
		{D6696CFF-4CA2-4E5D-B522-49C583358609}.Release|Any CPU.ActiveCfg = Release|Any CPU
		{D6696CFF-4CA2-4E5D-B522-49C583358609}.Release|Any CPU.Build.0 = Release|Any CPU
		{66702B98-C54E-43E5-A2A4-582B19D281E9}.Debug|Any CPU.ActiveCfg = Debug|Any CPU
		{66702B98-C54E-43E5-A2A4-582B19D281E9}.Debug|Any CPU.Build.0 = Debug|Any CPU
		{66702B98-C54E-43E5-A2A4-582B19D281E9}.Release|Any CPU.ActiveCfg = Release|Any CPU
		{66702B98-C54E-43E5-A2A4-582B19D281E9}.Release|Any CPU.Build.0 = Release|Any CPU
		{B5555976-EFD4-412F-B054-079C66630A92}.Debug|Any CPU.ActiveCfg = Debug|Any CPU
		{B5555976-EFD4-412F-B054-079C66630A92}.Debug|Any CPU.Build.0 = Debug|Any CPU
		{B5555976-EFD4-412F-B054-079C66630A92}.Release|Any CPU.ActiveCfg = Release|Any CPU
		{B5555976-EFD4-412F-B054-079C66630A92}.Release|Any CPU.Build.0 = Release|Any CPU
		{95D6D188-288C-463C-AE78-1529117B7694}.Debug|Any CPU.ActiveCfg = Debug|Any CPU
		{95D6D188-288C-463C-AE78-1529117B7694}.Debug|Any CPU.Build.0 = Debug|Any CPU
		{95D6D188-288C-463C-AE78-1529117B7694}.Release|Any CPU.ActiveCfg = Release|Any CPU
		{95D6D188-288C-463C-AE78-1529117B7694}.Release|Any CPU.Build.0 = Release|Any CPU
		{656D4078-5FF7-4874-8151-8E161D3433B5}.Debug|Any CPU.ActiveCfg = Debug|Any CPU
		{656D4078-5FF7-4874-8151-8E161D3433B5}.Debug|Any CPU.Build.0 = Debug|Any CPU
		{656D4078-5FF7-4874-8151-8E161D3433B5}.Release|Any CPU.ActiveCfg = Release|Any CPU
		{656D4078-5FF7-4874-8151-8E161D3433B5}.Release|Any CPU.Build.0 = Release|Any CPU
		{660462FB-7270-4FF3-AC4C-7D3291B0D9E5}.Debug|Any CPU.ActiveCfg = Debug|Any CPU
		{660462FB-7270-4FF3-AC4C-7D3291B0D9E5}.Debug|Any CPU.Build.0 = Debug|Any CPU
		{660462FB-7270-4FF3-AC4C-7D3291B0D9E5}.Release|Any CPU.ActiveCfg = Release|Any CPU
		{660462FB-7270-4FF3-AC4C-7D3291B0D9E5}.Release|Any CPU.Build.0 = Release|Any CPU
		{12D21917-EBF6-4048-B821-52E0A50DBC2A}.Debug|Any CPU.ActiveCfg = Debug|Any CPU
		{12D21917-EBF6-4048-B821-52E0A50DBC2A}.Debug|Any CPU.Build.0 = Debug|Any CPU
		{12D21917-EBF6-4048-B821-52E0A50DBC2A}.Release|Any CPU.ActiveCfg = Release|Any CPU
		{12D21917-EBF6-4048-B821-52E0A50DBC2A}.Release|Any CPU.Build.0 = Release|Any CPU
		{9303B20F-0737-4A6E-916A-B74AD7843122}.Debug|Any CPU.ActiveCfg = Debug|Any CPU
		{9303B20F-0737-4A6E-916A-B74AD7843122}.Debug|Any CPU.Build.0 = Debug|Any CPU
		{9303B20F-0737-4A6E-916A-B74AD7843122}.Release|Any CPU.ActiveCfg = Release|Any CPU
		{9303B20F-0737-4A6E-916A-B74AD7843122}.Release|Any CPU.Build.0 = Release|Any CPU
		{35DD91CB-EF9C-4F29-B212-5F4D3D074F75}.Debug|Any CPU.ActiveCfg = Debug|Any CPU
		{35DD91CB-EF9C-4F29-B212-5F4D3D074F75}.Debug|Any CPU.Build.0 = Debug|Any CPU
		{35DD91CB-EF9C-4F29-B212-5F4D3D074F75}.Release|Any CPU.ActiveCfg = Release|Any CPU
		{35DD91CB-EF9C-4F29-B212-5F4D3D074F75}.Release|Any CPU.Build.0 = Release|Any CPU
		{E54E0480-A154-4D99-862E-9F7087674B83}.Debug|Any CPU.ActiveCfg = Debug|Any CPU
		{E54E0480-A154-4D99-862E-9F7087674B83}.Debug|Any CPU.Build.0 = Debug|Any CPU
		{E54E0480-A154-4D99-862E-9F7087674B83}.Release|Any CPU.ActiveCfg = Release|Any CPU
		{E54E0480-A154-4D99-862E-9F7087674B83}.Release|Any CPU.Build.0 = Release|Any CPU
		{EE66C13D-1172-4288-B112-DE2DE6CE1C3C}.Debug|Any CPU.ActiveCfg = Debug|Any CPU
		{EE66C13D-1172-4288-B112-DE2DE6CE1C3C}.Debug|Any CPU.Build.0 = Debug|Any CPU
		{EE66C13D-1172-4288-B112-DE2DE6CE1C3C}.Release|Any CPU.ActiveCfg = Release|Any CPU
		{EE66C13D-1172-4288-B112-DE2DE6CE1C3C}.Release|Any CPU.Build.0 = Release|Any CPU
		{2B346E96-EE2C-4C68-A5D8-A7E65F938DE4}.Debug|Any CPU.ActiveCfg = Debug|Any CPU
		{2B346E96-EE2C-4C68-A5D8-A7E65F938DE4}.Debug|Any CPU.Build.0 = Debug|Any CPU
		{2B346E96-EE2C-4C68-A5D8-A7E65F938DE4}.Release|Any CPU.ActiveCfg = Release|Any CPU
		{2B346E96-EE2C-4C68-A5D8-A7E65F938DE4}.Release|Any CPU.Build.0 = Release|Any CPU
		{148737BB-5671-48B9-AFD5-116477462D4D}.Debug|Any CPU.ActiveCfg = Debug|Any CPU
		{148737BB-5671-48B9-AFD5-116477462D4D}.Debug|Any CPU.Build.0 = Debug|Any CPU
		{148737BB-5671-48B9-AFD5-116477462D4D}.Release|Any CPU.ActiveCfg = Release|Any CPU
		{148737BB-5671-48B9-AFD5-116477462D4D}.Release|Any CPU.Build.0 = Release|Any CPU
	EndGlobalSection
	GlobalSection(SolutionProperties) = preSolution
		HideSolutionNode = FALSE
	EndGlobalSection
	GlobalSection(NestedProjects) = preSolution
		{096DB54E-7F2B-4781-A241-C39C3AE9FDDC} = {006F7891-2569-4969-946F-13CF08833748}
		{7750DE0A-2146-48E6-BBC3-CAEDAF128E85} = {006F7891-2569-4969-946F-13CF08833748}
		{F4B1EA2E-17A0-487B-B449-FF54E717B1AF} = {006F7891-2569-4969-946F-13CF08833748}
		{8FE864FC-BE7D-4045-80DE-20340EB5351C} = {7750DE0A-2146-48E6-BBC3-CAEDAF128E85}
		{643140CE-F1B4-4AF7-8382-E5921370A2EE} = {7750DE0A-2146-48E6-BBC3-CAEDAF128E85}
		{60A7B682-9F4F-44A3-AFD3-9B175FE3D956} = {643140CE-F1B4-4AF7-8382-E5921370A2EE}
		{986BDDE5-BBFC-46E3-BE5E-60826F0938AA} = {643140CE-F1B4-4AF7-8382-E5921370A2EE}
		{98EF046A-D508-47EF-95FA-FF4066EBF52E} = {8FE864FC-BE7D-4045-80DE-20340EB5351C}
		{5D52A843-E3D4-435B-8A86-F0F3BD01A35F} = {8FE864FC-BE7D-4045-80DE-20340EB5351C}
		{C4CC469E-D14C-41A9-A354-B65CB46B3E9F} = {096DB54E-7F2B-4781-A241-C39C3AE9FDDC}
		{AB4FCF63-A128-43BE-8E4F-FBD6750C3496} = {096DB54E-7F2B-4781-A241-C39C3AE9FDDC}
		{D7962448-4B51-4FFA-8401-DB247A9A611B} = {7750DE0A-2146-48E6-BBC3-CAEDAF128E85}
		{A13D4D3F-ACC8-47DE-9A99-75164FCA3F9E} = {C4CC469E-D14C-41A9-A354-B65CB46B3E9F}
		{A9178EF8-D235-4AB7-AB88-BC7DC08ADE9C} = {AB4FCF63-A128-43BE-8E4F-FBD6750C3496}
		{D6696CFF-4CA2-4E5D-B522-49C583358609} = {643140CE-F1B4-4AF7-8382-E5921370A2EE}
		{66702B98-C54E-43E5-A2A4-582B19D281E9} = {D7962448-4B51-4FFA-8401-DB247A9A611B}
		{B5555976-EFD4-412F-B054-079C66630A92} = {D7962448-4B51-4FFA-8401-DB247A9A611B}
		{95D6D188-288C-463C-AE78-1529117B7694} = {8FE864FC-BE7D-4045-80DE-20340EB5351C}
		{656D4078-5FF7-4874-8151-8E161D3433B5} = {D7962448-4B51-4FFA-8401-DB247A9A611B}
		{1611C121-5E35-4828-B557-E42C6A78B29B} = {7750DE0A-2146-48E6-BBC3-CAEDAF128E85}
		{660462FB-7270-4FF3-AC4C-7D3291B0D9E5} = {1611C121-5E35-4828-B557-E42C6A78B29B}
		{12D21917-EBF6-4048-B821-52E0A50DBC2A} = {1611C121-5E35-4828-B557-E42C6A78B29B}
		{9303B20F-0737-4A6E-916A-B74AD7843122} = {1611C121-5E35-4828-B557-E42C6A78B29B}
		{B7ACD7CF-17C9-4556-8850-5E0D6328769E} = {7750DE0A-2146-48E6-BBC3-CAEDAF128E85}
		{35DD91CB-EF9C-4F29-B212-5F4D3D074F75} = {B7ACD7CF-17C9-4556-8850-5E0D6328769E}
		{E54E0480-A154-4D99-862E-9F7087674B83} = {B7ACD7CF-17C9-4556-8850-5E0D6328769E}
		{37B78D4D-FAFD-4AF9-88E4-D6E4D58D90D3} = {096DB54E-7F2B-4781-A241-C39C3AE9FDDC}
		{EE66C13D-1172-4288-B112-DE2DE6CE1C3C} = {37B78D4D-FAFD-4AF9-88E4-D6E4D58D90D3}
		{2B346E96-EE2C-4C68-A5D8-A7E65F938DE4} = {B7ACD7CF-17C9-4556-8850-5E0D6328769E}
		{CB7580CF-7810-4A15-852E-1FA69211F88F} = {096DB54E-7F2B-4781-A241-C39C3AE9FDDC}
		{148737BB-5671-48B9-AFD5-116477462D4D} = {CB7580CF-7810-4A15-852E-1FA69211F88F}
	EndGlobalSection
	GlobalSection(ExtensibilityGlobals) = postSolution
		SolutionGuid = {80C451A3-A398-4AE8-ACB1-D6B2AFAA265C}
	EndGlobalSection
EndGlobal
